// !$*UTF8*$!
{
	archiveVersion = 1;
	classes = {
	};
	objectVersion = 46;
	objects = {

/* Begin PBXBuildFile section */
		06760ADD1A81F369001E46BA /* AppDelegate.swift in Sources */ = {isa = PBXBuildFile; fileRef = 06760ADC1A81F369001E46BA /* AppDelegate.swift */; };
		06760ADF1A81F369001E46BA /* ViewController.swift in Sources */ = {isa = PBXBuildFile; fileRef = 06760ADE1A81F369001E46BA /* ViewController.swift */; };
		06760AE21A81F369001E46BA /* Main.storyboard in Resources */ = {isa = PBXBuildFile; fileRef = 06760AE01A81F369001E46BA /* Main.storyboard */; };
		06760AE41A81F369001E46BA /* Images.xcassets in Resources */ = {isa = PBXBuildFile; fileRef = 06760AE31A81F369001E46BA /* Images.xcassets */; };
		06760AE71A81F369001E46BA /* LaunchScreen.xib in Resources */ = {isa = PBXBuildFile; fileRef = 06760AE51A81F369001E46BA /* LaunchScreen.xib */; };
		06760AF31A81F369001E46BA /* TutorialDemoTests.swift in Sources */ = {isa = PBXBuildFile; fileRef = 06760AF21A81F369001E46BA /* TutorialDemoTests.swift */; };
		06760B031A81F57A001E46BA /* InnerPageViewController.swift in Sources */ = {isa = PBXBuildFile; fileRef = 06760B021A81F57A001E46BA /* InnerPageViewController.swift */; };
		06760B201A81FA26001E46BA /* page1.png in Resources */ = {isa = PBXBuildFile; fileRef = 06760B171A81FA26001E46BA /* page1.png */; };
		06760B211A81FA26001E46BA /* page1@2x.png in Resources */ = {isa = PBXBuildFile; fileRef = 06760B181A81FA26001E46BA /* page1@2x.png */; };
		06760B221A81FA26001E46BA /* page1@3x.png in Resources */ = {isa = PBXBuildFile; fileRef = 06760B191A81FA26001E46BA /* page1@3x.png */; };
		06760B231A81FA26001E46BA /* page2.png in Resources */ = {isa = PBXBuildFile; fileRef = 06760B1A1A81FA26001E46BA /* page2.png */; };
		06760B241A81FA26001E46BA /* page2@2x.png in Resources */ = {isa = PBXBuildFile; fileRef = 06760B1B1A81FA26001E46BA /* page2@2x.png */; };
		06760B251A81FA26001E46BA /* page2@3x.png in Resources */ = {isa = PBXBuildFile; fileRef = 06760B1C1A81FA26001E46BA /* page2@3x.png */; };
		06760B261A81FA26001E46BA /* page3.png in Resources */ = {isa = PBXBuildFile; fileRef = 06760B1D1A81FA26001E46BA /* page3.png */; };
		06760B271A81FA26001E46BA /* page3@2x.png in Resources */ = {isa = PBXBuildFile; fileRef = 06760B1E1A81FA26001E46BA /* page3@2x.png */; };
		06760B281A81FA26001E46BA /* page3@3x.png in Resources */ = {isa = PBXBuildFile; fileRef = 06760B1F1A81FA26001E46BA /* page3@3x.png */; };
/* End PBXBuildFile section */

/* Begin PBXContainerItemProxy section */
		06760AED1A81F369001E46BA /* PBXContainerItemProxy */ = {
			isa = PBXContainerItemProxy;
			containerPortal = 06760ACF1A81F369001E46BA /* Project object */;
			proxyType = 1;
			remoteGlobalIDString = 06760AD61A81F369001E46BA;
			remoteInfo = TutorialDemo;
		};
/* End PBXContainerItemProxy section */

/* Begin PBXFileReference section */
		06760AD71A81F369001E46BA /* TutorialDemo.app */ = {isa = PBXFileReference; explicitFileType = wrapper.application; includeInIndex = 0; path = TutorialDemo.app; sourceTree = BUILT_PRODUCTS_DIR; };
		06760ADB1A81F369001E46BA /* Info.plist */ = {isa = PBXFileReference; lastKnownFileType = text.plist.xml; path = Info.plist; sourceTree = "<group>"; };
		06760ADC1A81F369001E46BA /* AppDelegate.swift */ = {isa = PBXFileReference; lastKnownFileType = sourcecode.swift; path = AppDelegate.swift; sourceTree = "<group>"; };
		06760ADE1A81F369001E46BA /* ViewController.swift */ = {isa = PBXFileReference; lastKnownFileType = sourcecode.swift; path = ViewController.swift; sourceTree = "<group>"; };
		06760AE11A81F369001E46BA /* Base */ = {isa = PBXFileReference; lastKnownFileType = file.storyboard; name = Base; path = Base.lproj/Main.storyboard; sourceTree = "<group>"; };
		06760AE31A81F369001E46BA /* Images.xcassets */ = {isa = PBXFileReference; lastKnownFileType = folder.assetcatalog; path = Images.xcassets; sourceTree = "<group>"; };
		06760AE61A81F369001E46BA /* Base */ = {isa = PBXFileReference; lastKnownFileType = file.xib; name = Base; path = Base.lproj/LaunchScreen.xib; sourceTree = "<group>"; };
		06760AEC1A81F369001E46BA /* TutorialDemoTests.xctest */ = {isa = PBXFileReference; explicitFileType = wrapper.cfbundle; includeInIndex = 0; path = TutorialDemoTests.xctest; sourceTree = BUILT_PRODUCTS_DIR; };
		06760AF11A81F369001E46BA /* Info.plist */ = {isa = PBXFileReference; lastKnownFileType = text.plist.xml; path = Info.plist; sourceTree = "<group>"; };
		06760AF21A81F369001E46BA /* TutorialDemoTests.swift */ = {isa = PBXFileReference; lastKnownFileType = sourcecode.swift; path = TutorialDemoTests.swift; sourceTree = "<group>"; };
		06760B021A81F57A001E46BA /* InnerPageViewController.swift */ = {isa = PBXFileReference; fileEncoding = 4; lastKnownFileType = sourcecode.swift; name = InnerPageViewController.swift; path = ../InnerPageViewController.swift; sourceTree = "<group>"; };
		06760B171A81FA26001E46BA /* page1.png */ = {isa = PBXFileReference; lastKnownFileType = image.png; path = page1.png; sourceTree = "<group>"; };
		06760B181A81FA26001E46BA /* page1@2x.png */ = {isa = PBXFileReference; lastKnownFileType = image.png; path = "page1@2x.png"; sourceTree = "<group>"; };
		06760B191A81FA26001E46BA /* page1@3x.png */ = {isa = PBXFileReference; lastKnownFileType = image.png; path = "page1@3x.png"; sourceTree = "<group>"; };
		06760B1A1A81FA26001E46BA /* page2.png */ = {isa = PBXFileReference; lastKnownFileType = image.png; path = page2.png; sourceTree = "<group>"; };
		06760B1B1A81FA26001E46BA /* page2@2x.png */ = {isa = PBXFileReference; lastKnownFileType = image.png; path = "page2@2x.png"; sourceTree = "<group>"; };
		06760B1C1A81FA26001E46BA /* page2@3x.png */ = {isa = PBXFileReference; lastKnownFileType = image.png; path = "page2@3x.png"; sourceTree = "<group>"; };
		06760B1D1A81FA26001E46BA /* page3.png */ = {isa = PBXFileReference; lastKnownFileType = image.png; path = page3.png; sourceTree = "<group>"; };
		06760B1E1A81FA26001E46BA /* page3@2x.png */ = {isa = PBXFileReference; lastKnownFileType = image.png; path = "page3@2x.png"; sourceTree = "<group>"; };
		06760B1F1A81FA26001E46BA /* page3@3x.png */ = {isa = PBXFileReference; lastKnownFileType = image.png; path = "page3@3x.png"; sourceTree = "<group>"; };
/* End PBXFileReference section */

/* Begin PBXFrameworksBuildPhase section */
		06760AD41A81F369001E46BA /* Frameworks */ = {
			isa = PBXFrameworksBuildPhase;
			buildActionMask = 2147483647;
			files = (
			);
			runOnlyForDeploymentPostprocessing = 0;
		};
		06760AE91A81F369001E46BA /* Frameworks */ = {
			isa = PBXFrameworksBuildPhase;
			buildActionMask = 2147483647;
			files = (
			);
			runOnlyForDeploymentPostprocessing = 0;
		};
/* End PBXFrameworksBuildPhase section */

/* Begin PBXGroup section */
		06760ACE1A81F369001E46BA = {
			isa = PBXGroup;
			children = (
				06760AD91A81F369001E46BA /* TutorialDemo */,
				06760AEF1A81F369001E46BA /* TutorialDemoTests */,
				06760AD81A81F369001E46BA /* Products */,
			);
			sourceTree = "<group>";
		};
		06760AD81A81F369001E46BA /* Products */ = {
			isa = PBXGroup;
			children = (
				06760AD71A81F369001E46BA /* TutorialDemo.app */,
				06760AEC1A81F369001E46BA /* TutorialDemoTests.xctest */,
			);
			name = Products;
			sourceTree = "<group>";
		};
		06760AD91A81F369001E46BA /* TutorialDemo */ = {
			isa = PBXGroup;
			children = (
				06760B161A81F89E001E46BA /* Resources */,
				06760B021A81F57A001E46BA /* InnerPageViewController.swift */,
				06760ADC1A81F369001E46BA /* AppDelegate.swift */,
				06760ADE1A81F369001E46BA /* ViewController.swift */,
				06760AE01A81F369001E46BA /* Main.storyboard */,
				06760AE31A81F369001E46BA /* Images.xcassets */,
				06760AE51A81F369001E46BA /* LaunchScreen.xib */,
				06760ADA1A81F369001E46BA /* Supporting Files */,
			);
			path = TutorialDemo;
			sourceTree = "<group>";
		};
		06760ADA1A81F369001E46BA /* Supporting Files */ = {
			isa = PBXGroup;
			children = (
				06760ADB1A81F369001E46BA /* Info.plist */,
			);
			name = "Supporting Files";
			sourceTree = "<group>";
		};
		06760AEF1A81F369001E46BA /* TutorialDemoTests */ = {
			isa = PBXGroup;
			children = (
				06760AF21A81F369001E46BA /* TutorialDemoTests.swift */,
				06760AF01A81F369001E46BA /* Supporting Files */,
			);
			path = TutorialDemoTests;
			sourceTree = "<group>";
		};
		06760AF01A81F369001E46BA /* Supporting Files */ = {
			isa = PBXGroup;
			children = (
				06760AF11A81F369001E46BA /* Info.plist */,
			);
			name = "Supporting Files";
			sourceTree = "<group>";
		};
		06760B161A81F89E001E46BA /* Resources */ = {
			isa = PBXGroup;
			children = (
				06760B171A81FA26001E46BA /* page1.png */,
				06760B181A81FA26001E46BA /* page1@2x.png */,
				06760B191A81FA26001E46BA /* page1@3x.png */,
				06760B1A1A81FA26001E46BA /* page2.png */,
				06760B1B1A81FA26001E46BA /* page2@2x.png */,
				06760B1C1A81FA26001E46BA /* page2@3x.png */,
				06760B1D1A81FA26001E46BA /* page3.png */,
				06760B1E1A81FA26001E46BA /* page3@2x.png */,
				06760B1F1A81FA26001E46BA /* page3@3x.png */,
			);
			name = Resources;
			sourceTree = "<group>";
		};
/* End PBXGroup section */

/* Begin PBXNativeTarget section */
		06760AD61A81F369001E46BA /* TutorialDemo */ = {
			isa = PBXNativeTarget;
			buildConfigurationList = 06760AF61A81F369001E46BA /* Build configuration list for PBXNativeTarget "TutorialDemo" */;
			buildPhases = (
				06760AD31A81F369001E46BA /* Sources */,
				06760AD41A81F369001E46BA /* Frameworks */,
				06760AD51A81F369001E46BA /* Resources */,
			);
			buildRules = (
			);
			dependencies = (
			);
			name = TutorialDemo;
			productName = TutorialDemo;
			productReference = 06760AD71A81F369001E46BA /* TutorialDemo.app */;
			productType = "com.apple.product-type.application";
		};
		06760AEB1A81F369001E46BA /* TutorialDemoTests */ = {
			isa = PBXNativeTarget;
			buildConfigurationList = 06760AF91A81F369001E46BA /* Build configuration list for PBXNativeTarget "TutorialDemoTests" */;
			buildPhases = (
				06760AE81A81F369001E46BA /* Sources */,
				06760AE91A81F369001E46BA /* Frameworks */,
				06760AEA1A81F369001E46BA /* Resources */,
			);
			buildRules = (
			);
			dependencies = (
				06760AEE1A81F369001E46BA /* PBXTargetDependency */,
			);
			name = TutorialDemoTests;
			productName = TutorialDemoTests;
			productReference = 06760AEC1A81F369001E46BA /* TutorialDemoTests.xctest */;
			productType = "com.apple.product-type.bundle.unit-test";
		};
/* End PBXNativeTarget section */

/* Begin PBXProject section */
		06760ACF1A81F369001E46BA /* Project object */ = {
			isa = PBXProject;
			attributes = {
				LastUpgradeCheck = 0610;
				ORGANIZATIONNAME = HARADASHINYA;
				TargetAttributes = {
					06760AD61A81F369001E46BA = {
						CreatedOnToolsVersion = 6.1.1;
					};
					06760AEB1A81F369001E46BA = {
						CreatedOnToolsVersion = 6.1.1;
						TestTargetID = 06760AD61A81F369001E46BA;
					};
				};
			};
			buildConfigurationList = 06760AD21A81F369001E46BA /* Build configuration list for PBXProject "TutorialDemo" */;
			compatibilityVersion = "Xcode 3.2";
			developmentRegion = English;
			hasScannedForEncodings = 0;
			knownRegions = (
				en,
				Base,
			);
			mainGroup = 06760ACE1A81F369001E46BA;
			productRefGroup = 06760AD81A81F369001E46BA /* Products */;
			projectDirPath = "";
			projectRoot = "";
			targets = (
				06760AD61A81F369001E46BA /* TutorialDemo */,
				06760AEB1A81F369001E46BA /* TutorialDemoTests */,
			);
		};
/* End PBXProject section */

/* Begin PBXResourcesBuildPhase section */
		06760AD51A81F369001E46BA /* Resources */ = {
			isa = PBXResourcesBuildPhase;
			buildActionMask = 2147483647;
			files = (
				06760B241A81FA26001E46BA /* page2@2x.png in Resources */,
				06760B221A81FA26001E46BA /* page1@3x.png in Resources */,
				06760B261A81FA26001E46BA /* page3.png in Resources */,
				06760B211A81FA26001E46BA /* page1@2x.png in Resources */,
				06760B251A81FA26001E46BA /* page2@3x.png in Resources */,
				06760B231A81FA26001E46BA /* page2.png in Resources */,
				06760B281A81FA26001E46BA /* page3@3x.png in Resources */,
				06760AE21A81F369001E46BA /* Main.storyboard in Resources */,
				06760AE71A81F369001E46BA /* LaunchScreen.xib in Resources */,
				06760B201A81FA26001E46BA /* page1.png in Resources */,
				06760AE41A81F369001E46BA /* Images.xcassets in Resources */,
				06760B271A81FA26001E46BA /* page3@2x.png in Resources */,
			);
			runOnlyForDeploymentPostprocessing = 0;
		};
		06760AEA1A81F369001E46BA /* Resources */ = {
			isa = PBXResourcesBuildPhase;
			buildActionMask = 2147483647;
			files = (
			);
			runOnlyForDeploymentPostprocessing = 0;
		};
/* End PBXResourcesBuildPhase section */

/* Begin PBXSourcesBuildPhase section */
		06760AD31A81F369001E46BA /* Sources */ = {
			isa = PBXSourcesBuildPhase;
			buildActionMask = 2147483647;
			files = (
				06760ADF1A81F369001E46BA /* ViewController.swift in Sources */,
				06760ADD1A81F369001E46BA /* AppDelegate.swift in Sources */,
				06760B031A81F57A001E46BA /* InnerPageViewController.swift in Sources */,
			);
			runOnlyForDeploymentPostprocessing = 0;
		};
		06760AE81A81F369001E46BA /* Sources */ = {
			isa = PBXSourcesBuildPhase;
			buildActionMask = 2147483647;
			files = (
				06760AF31A81F369001E46BA /* TutorialDemoTests.swift in Sources */,
			);
			runOnlyForDeploymentPostprocessing = 0;
		};
/* End PBXSourcesBuildPhase section */

/* Begin PBXTargetDependency section */
		06760AEE1A81F369001E46BA /* PBXTargetDependency */ = {
			isa = PBXTargetDependency;
			target = 06760AD61A81F369001E46BA /* TutorialDemo */;
			targetProxy = 06760AED1A81F369001E46BA /* PBXContainerItemProxy */;
		};
/* End PBXTargetDependency section */

/* Begin PBXVariantGroup section */
		06760AE01A81F369001E46BA /* Main.storyboard */ = {
			isa = PBXVariantGroup;
			children = (
				06760AE11A81F369001E46BA /* Base */,
			);
			name = Main.storyboard;
			sourceTree = "<group>";
		};
		06760AE51A81F369001E46BA /* LaunchScreen.xib */ = {
			isa = PBXVariantGroup;
			children = (
				06760AE61A81F369001E46BA /* Base */,
			);
			name = LaunchScreen.xib;
			sourceTree = "<group>";
		};
/* End PBXVariantGroup section */

/* Begin XCBuildConfiguration section */
		06760AF41A81F369001E46BA /* Debug */ = {
			isa = XCBuildConfiguration;
			buildSettings = {
				ALWAYS_SEARCH_USER_PATHS = NO;
				CLANG_CXX_LANGUAGE_STANDARD = "gnu++0x";
				CLANG_CXX_LIBRARY = "libc++";
				CLANG_ENABLE_MODULES = YES;
				CLANG_ENABLE_OBJC_ARC = YES;
				CLANG_WARN_BOOL_CONVERSION = YES;
				CLANG_WARN_CONSTANT_CONVERSION = YES;
				CLANG_WARN_DIRECT_OBJC_ISA_USAGE = YES_ERROR;
				CLANG_WARN_EMPTY_BODY = YES;
				CLANG_WARN_ENUM_CONVERSION = YES;
				CLANG_WARN_INT_CONVERSION = YES;
				CLANG_WARN_OBJC_ROOT_CLASS = YES_ERROR;
				CLANG_WARN_UNREACHABLE_CODE = YES;
				CLANG_WARN__DUPLICATE_METHOD_MATCH = YES;
				"CODE_SIGN_IDENTITY[sdk=iphoneos*]" = "iPhone Developer";
				COPY_PHASE_STRIP = NO;
				ENABLE_STRICT_OBJC_MSGSEND = YES;
				GCC_C_LANGUAGE_STANDARD = gnu99;
				GCC_DYNAMIC_NO_PIC = NO;
				GCC_OPTIMIZATION_LEVEL = 0;
				GCC_PREPROCESSOR_DEFINITIONS = (
					"DEBUG=1",
					"$(inherited)",
				);
				GCC_SYMBOLS_PRIVATE_EXTERN = NO;
				GCC_WARN_64_TO_32_BIT_CONVERSION = YES;
				GCC_WARN_ABOUT_RETURN_TYPE = YES_ERROR;
				GCC_WARN_UNDECLARED_SELECTOR = YES;
				GCC_WARN_UNINITIALIZED_AUTOS = YES_AGGRESSIVE;
				GCC_WARN_UNUSED_FUNCTION = YES;
				GCC_WARN_UNUSED_VARIABLE = YES;
				IPHONEOS_DEPLOYMENT_TARGET = 8.1;
				MTL_ENABLE_DEBUG_INFO = YES;
				ONLY_ACTIVE_ARCH = YES;
				SDKROOT = iphoneos;
				SWIFT_OPTIMIZATION_LEVEL = "-Onone";
			};
			name = Debug;
		};
		06760AF51A81F369001E46BA /* Release */ = {
			isa = XCBuildConfiguration;
			buildSettings = {
				ALWAYS_SEARCH_USER_PATHS = NO;
				CLANG_CXX_LANGUAGE_STANDARD = "gnu++0x";
				CLANG_CXX_LIBRARY = "libc++";
				CLANG_ENABLE_MODULES = YES;
				CLANG_ENABLE_OBJC_ARC = YES;
				CLANG_WARN_BOOL_CONVERSION = YES;
				CLANG_WARN_CONSTANT_CONVERSION = YES;
				CLANG_WARN_DIRECT_OBJC_ISA_USAGE = YES_ERROR;
				CLANG_WARN_EMPTY_BODY = YES;
				CLANG_WARN_ENUM_CONVERSION = YES;
				CLANG_WARN_INT_CONVERSION = YES;
				CLANG_WARN_OBJC_ROOT_CLASS = YES_ERROR;
				CLANG_WARN_UNREACHABLE_CODE = YES;
				CLANG_WARN__DUPLICATE_METHOD_MATCH = YES;
				"CODE_SIGN_IDENTITY[sdk=iphoneos*]" = "iPhone Developer";
				COPY_PHASE_STRIP = YES;
				ENABLE_NS_ASSERTIONS = NO;
				ENABLE_STRICT_OBJC_MSGSEND = YES;
				GCC_C_LANGUAGE_STANDARD = gnu99;
				GCC_WARN_64_TO_32_BIT_CONVERSION = YES;
				GCC_WARN_ABOUT_RETURN_TYPE = YES_ERROR;
				GCC_WARN_UNDECLARED_SELECTOR = YES;
				GCC_WARN_UNINITIALIZED_AUTOS = YES_AGGRESSIVE;
				GCC_WARN_UNUSED_FUNCTION = YES;
				GCC_WARN_UNUSED_VARIABLE = YES;
				IPHONEOS_DEPLOYMENT_TARGET = 8.1;
				MTL_ENABLE_DEBUG_INFO = NO;
				SDKROOT = iphoneos;
				VALIDATE_PRODUCT = YES;
			};
			name = Release;
		};
		06760AF71A81F369001E46BA /* Debug */ = {
			isa = XCBuildConfiguration;
			buildSettings = {
				ASSETCATALOG_COMPILER_APPICON_NAME = AppIcon;
				INFOPLIST_FILE = TutorialDemo/Info.plist;
				LD_RUNPATH_SEARCH_PATHS = "$(inherited) @executable_path/Frameworks";
				PRODUCT_NAME = "$(TARGET_NAME)";
			};
			name = Debug;
		};
		06760AF81A81F369001E46BA /* Release */ = {
			isa = XCBuildConfiguration;
			buildSettings = {
				ASSETCATALOG_COMPILER_APPICON_NAME = AppIcon;
				INFOPLIST_FILE = TutorialDemo/Info.plist;
				LD_RUNPATH_SEARCH_PATHS = "$(inherited) @executable_path/Frameworks";
				PRODUCT_NAME = "$(TARGET_NAME)";
			};
			name = Release;
		};
		06760AFA1A81F369001E46BA /* Debug */ = {
			isa = XCBuildConfiguration;
			buildSettings = {
				BUNDLE_LOADER = "$(TEST_HOST)";
				FRAMEWORK_SEARCH_PATHS = (
					"$(SDKROOT)/Developer/Library/Frameworks",
					"$(inherited)",
				);
				GCC_PREPROCESSOR_DEFINITIONS = (
					"DEBUG=1",
					"$(inherited)",
				);
				INFOPLIST_FILE = TutorialDemoTests/Info.plist;
				LD_RUNPATH_SEARCH_PATHS = "$(inherited) @executable_path/Frameworks @loader_path/Frameworks";
				PRODUCT_NAME = "$(TARGET_NAME)";
				TEST_HOST = "$(BUILT_PRODUCTS_DIR)/TutorialDemo.app/TutorialDemo";
			};
			name = Debug;
		};
		06760AFB1A81F369001E46BA /* Release */ = {
			isa = XCBuildConfiguration;
			buildSettings = {
				BUNDLE_LOADER = "$(TEST_HOST)";
				FRAMEWORK_SEARCH_PATHS = (
					"$(SDKROOT)/Developer/Library/Frameworks",
					"$(inherited)",
				);
				INFOPLIST_FILE = TutorialDemoTests/Info.plist;
				LD_RUNPATH_SEARCH_PATHS = "$(inherited) @executable_path/Frameworks @loader_path/Frameworks";
				PRODUCT_NAME = "$(TARGET_NAME)";
				TEST_HOST = "$(BUILT_PRODUCTS_DIR)/TutorialDemo.app/TutorialDemo";
			};
			name = Release;
		};
/* End XCBuildConfiguration section */

/* Begin XCConfigurationList section */
		06760AD21A81F369001E46BA /* Build configuration list for PBXProject "TutorialDemo" */ = {
			isa = XCConfigurationList;
			buildConfigurations = (
				06760AF41A81F369001E46BA /* Debug */,
				06760AF51A81F369001E46BA /* Release */,
			);
			defaultConfigurationIsVisible = 0;
			defaultConfigurationName = Release;
		};
		06760AF61A81F369001E46BA /* Build configuration list for PBXNativeTarget "TutorialDemo" */ = {
			isa = XCConfigurationList;
			buildConfigurations = (
				06760AF71A81F369001E46BA /* Debug */,
				06760AF81A81F369001E46BA /* Release */,
			);
			defaultConfigurationIsVisible = 0;
		};
		06760AF91A81F369001E46BA /* Build configuration list for PBXNativeTarget "TutorialDemoTests" */ = {
			isa = XCConfigurationList;
			buildConfigurations = (
				06760AFA1A81F369001E46BA /* Debug */,
				06760AFB1A81F369001E46BA /* Release */,
			);
			defaultConfigurationIsVisible = 0;
		};
/* End XCConfigurationList section */
	};
	rootObject = 06760ACF1A81F369001E46BA /* Project object */;
}
